
Microsoft Visual Studio Solution File, Format Version 12.00
# Visual Studio Version 17
VisualStudioVersion = 17.11.35312.102
MinimumVisualStudioVersion = 10.0.40219.1
Project("{8BC9CEB8-8B4A-11D0-8D11-00A0C91BC942}") = "Project1（virtual)", "Project1（virtual).vcxproj", "{C1EB03A3-C6A6-432A-B850-00EB24BC1B53}"
EndProject
Global
	GlobalSection(SolutionConfigurationPlatforms) = preSolution
		Debug|x64 = Debug|x64
		Debug|x86 = Debug|x86
		Release|x64 = Release|x64
		Release|x86 = Release|x86
	EndGlobalSection
	GlobalSection(ProjectConfigurationPlatforms) = postSolution
		{C1EB03A3-C6A6-432A-B850-00EB24BC1B53}.Debug|x64.ActiveCfg = Debug|x64
		{C1EB03A3-C6A6-432A-B850-00EB24BC1B53}.Debug|x64.Build.0 = Debug|x64
		{C1EB03A3-C6A6-432A-B850-00EB24BC1B53}.Debug|x86.ActiveCfg = Debug|Win32
		{C1EB03A3-C6A6-432A-B850-00EB24BC1B53}.Debug|x86.Build.0 = Debug|Win32
		{C1EB03A3-C6A6-432A-B850-00EB24BC1B53}.Release|x64.ActiveCfg = Release|x64
		{C1EB03A3-C6A6-432A-B850-00EB24BC1B53}.Release|x64.Build.0 = Release|x64
		{C1EB03A3-C6A6-432A-B850-00EB24BC1B53}.Release|x86.ActiveCfg = Release|Win32
		{C1EB03A3-C6A6-432A-B850-00EB24BC1B53}.Release|x86.Build.0 = Release|Win32
	EndGlobalSection
	GlobalSection(SolutionProperties) = preSolution
		HideSolutionNode = FALSE
	EndGlobalSection
	GlobalSection(ExtensibilityGlobals) = postSolution
		SolutionGuid = {F2D84399-7E7E-448B-B507-B5901CFBEC04}
	EndGlobalSection
EndGlobal
